
Microsoft Visual Studio Solution File, Format Version 12.00
# Visual Studio Version 17
VisualStudioVersion = 17.11.35222.181
MinimumVisualStudioVersion = 10.0.40219.1
Project("{FAE04EC0-301F-11D3-BF4B-00C04F79EFBC}") = "E_B_v46", "E_B_v46.csproj", "{FA50150C-3740-439A-BA33-19EE3C470523}"
EndProject
Global
	GlobalSection(SolutionConfigurationPlatforms) = preSolution
		Debug|x64 = Debug|x64
		Release|x64 = Release|x64
	EndGlobalSection
	GlobalSection(ProjectConfigurationPlatforms) = postSolution
		{FA50150C-3740-439A-BA33-19EE3C470523}.Debug|x64.ActiveCfg = Debug|x64
		{FA50150C-3740-439A-BA33-19EE3C470523}.Debug|x64.Build.0 = Debug|x64
		{FA50150C-3740-439A-BA33-19EE3C470523}.Release|x64.ActiveCfg = Release|x64
		{FA50150C-3740-439A-BA33-19EE3C470523}.Release|x64.Build.0 = Release|x64
	EndGlobalSection
	GlobalSection(SolutionProperties) = preSolution
		HideSolutionNode = FALSE
	EndGlobalSection
	GlobalSection(ExtensibilityGlobals) = postSolution
		SolutionGuid = {B872F145-8EE9-413A-9555-44F3EA04BFEB}
	EndGlobalSection
EndGlobal
