
Microsoft Visual Studio Solution File, Format Version 12.00
# Visual Studio Version 17
VisualStudioVersion = 17.11.35222.181
MinimumVisualStudioVersion = 10.0.40219.1
Project("{FAE04EC0-301F-11D3-BF4B-00C04F79EFBC}") = "printCourse", "printCourse.csproj", "{173D11AE-CDDF-4754-9A2E-A50019BEB95A}"
EndProject
Global
	GlobalSection(SolutionConfigurationPlatforms) = preSolution
		Debug|x64 = Debug|x64
		Release|x64 = Release|x64
	EndGlobalSection
	GlobalSection(ProjectConfigurationPlatforms) = postSolution
		{173D11AE-CDDF-4754-9A2E-A50019BEB95A}.Debug|x64.ActiveCfg = Debug|x64
		{173D11AE-CDDF-4754-9A2E-A50019BEB95A}.Debug|x64.Build.0 = Debug|x64
		{173D11AE-CDDF-4754-9A2E-A50019BEB95A}.Release|x64.ActiveCfg = Release|x64
		{173D11AE-CDDF-4754-9A2E-A50019BEB95A}.Release|x64.Build.0 = Release|x64
	EndGlobalSection
	GlobalSection(SolutionProperties) = preSolution
		HideSolutionNode = FALSE
	EndGlobalSection
	GlobalSection(ExtensibilityGlobals) = postSolution
		SolutionGuid = {0F17429E-D1E9-48A9-A45C-E87530DB09AB}
	EndGlobalSection
EndGlobal
