
Microsoft Visual Studio Solution File, Format Version 12.00
# Visual Studio Version 17
VisualStudioVersion = 17.11.35222.181
MinimumVisualStudioVersion = 10.0.40219.1
Project("{FAE04EC0-301F-11D3-BF4B-00C04F79EFBC}") = "vToD_v7", "vToD_v7.csproj", "{28ED8D65-9D23-4E92-9D2D-2A9D632EABBF}"
EndProject
Global
	GlobalSection(SolutionConfigurationPlatforms) = preSolution
		Debug|x64 = Debug|x64
		Release|x64 = Release|x64
	EndGlobalSection
	GlobalSection(ProjectConfigurationPlatforms) = postSolution
		{28ED8D65-9D23-4E92-9D2D-2A9D632EABBF}.Debug|x64.ActiveCfg = Debug|x64
		{28ED8D65-9D23-4E92-9D2D-2A9D632EABBF}.Debug|x64.Build.0 = Debug|x64
		{28ED8D65-9D23-4E92-9D2D-2A9D632EABBF}.Release|x64.ActiveCfg = Release|x64
		{28ED8D65-9D23-4E92-9D2D-2A9D632EABBF}.Release|x64.Build.0 = Release|x64
	EndGlobalSection
	GlobalSection(SolutionProperties) = preSolution
		HideSolutionNode = FALSE
	EndGlobalSection
	GlobalSection(ExtensibilityGlobals) = postSolution
		SolutionGuid = {3C794B53-C2E0-4818-9748-50691B918555}
	EndGlobalSection
EndGlobal
