
Microsoft Visual Studio Solution File, Format Version 12.00
# Visual Studio Version 17
VisualStudioVersion = 17.11.35222.181
MinimumVisualStudioVersion = 10.0.40219.1
Project("{FAE04EC0-301F-11D3-BF4B-00C04F79EFBC}") = "E_B_V36", "E_B_V36.csproj", "{807B55D2-8B5B-4443-B515-02C70DC63D5D}"
EndProject
Global
	GlobalSection(SolutionConfigurationPlatforms) = preSolution
		Debug|x64 = Debug|x64
		Release|x64 = Release|x64
	EndGlobalSection
	GlobalSection(ProjectConfigurationPlatforms) = postSolution
		{807B55D2-8B5B-4443-B515-02C70DC63D5D}.Debug|x64.ActiveCfg = Debug|x64
		{807B55D2-8B5B-4443-B515-02C70DC63D5D}.Debug|x64.Build.0 = Debug|x64
		{807B55D2-8B5B-4443-B515-02C70DC63D5D}.Release|x64.ActiveCfg = Release|x64
		{807B55D2-8B5B-4443-B515-02C70DC63D5D}.Release|x64.Build.0 = Release|x64
	EndGlobalSection
	GlobalSection(SolutionProperties) = preSolution
		HideSolutionNode = FALSE
	EndGlobalSection
	GlobalSection(ExtensibilityGlobals) = postSolution
		SolutionGuid = {CA4F3235-DB21-464A-AE17-97155C16B67D}
	EndGlobalSection
EndGlobal
