
Microsoft Visual Studio Solution File, Format Version 12.00
# Visual Studio Version 17
VisualStudioVersion = 17.11.35222.181
MinimumVisualStudioVersion = 10.0.40219.1
Project("{FAE04EC0-301F-11D3-BF4B-00C04F79EFBC}") = "E_B_v44", "E_B_v44.csproj", "{80C62DF0-40BB-4A23-ACA5-91C0907BEB98}"
EndProject
Global
	GlobalSection(SolutionConfigurationPlatforms) = preSolution
		Debug|x64 = Debug|x64
		Release|x64 = Release|x64
	EndGlobalSection
	GlobalSection(ProjectConfigurationPlatforms) = postSolution
		{80C62DF0-40BB-4A23-ACA5-91C0907BEB98}.Debug|x64.ActiveCfg = Debug|x64
		{80C62DF0-40BB-4A23-ACA5-91C0907BEB98}.Debug|x64.Build.0 = Debug|x64
		{80C62DF0-40BB-4A23-ACA5-91C0907BEB98}.Release|x64.ActiveCfg = Release|x64
		{80C62DF0-40BB-4A23-ACA5-91C0907BEB98}.Release|x64.Build.0 = Release|x64
	EndGlobalSection
	GlobalSection(SolutionProperties) = preSolution
		HideSolutionNode = FALSE
	EndGlobalSection
	GlobalSection(ExtensibilityGlobals) = postSolution
		SolutionGuid = {06D13F5E-9841-442B-B81D-5053B9CAD1CA}
	EndGlobalSection
EndGlobal
