
Microsoft Visual Studio Solution File, Format Version 12.00
# Visual Studio Version 17
VisualStudioVersion = 17.11.35222.181
MinimumVisualStudioVersion = 10.0.40219.1
Project("{FAE04EC0-301F-11D3-BF4B-00C04F79EFBC}") = "printCourseAndPlans", "printCourseAndPlans.csproj", "{42F83AD7-2DB8-45A8-B3DD-0ABE067BBDCE}"
EndProject
Global
	GlobalSection(SolutionConfigurationPlatforms) = preSolution
		Debug|x64 = Debug|x64
		Release|x64 = Release|x64
	EndGlobalSection
	GlobalSection(ProjectConfigurationPlatforms) = postSolution
		{42F83AD7-2DB8-45A8-B3DD-0ABE067BBDCE}.Debug|x64.ActiveCfg = Debug|x64
		{42F83AD7-2DB8-45A8-B3DD-0ABE067BBDCE}.Debug|x64.Build.0 = Debug|x64
		{42F83AD7-2DB8-45A8-B3DD-0ABE067BBDCE}.Release|x64.ActiveCfg = Release|x64
		{42F83AD7-2DB8-45A8-B3DD-0ABE067BBDCE}.Release|x64.Build.0 = Release|x64
	EndGlobalSection
	GlobalSection(SolutionProperties) = preSolution
		HideSolutionNode = FALSE
	EndGlobalSection
	GlobalSection(ExtensibilityGlobals) = postSolution
		SolutionGuid = {E185DB41-C59B-4E14-A3D7-1CB97282E14F}
	EndGlobalSection
EndGlobal
