
Microsoft Visual Studio Solution File, Format Version 12.00
# Visual Studio Version 17
VisualStudioVersion = 17.11.35222.181
MinimumVisualStudioVersion = 10.0.40219.1
Project("{FAE04EC0-301F-11D3-BF4B-00C04F79EFBC}") = "E_B_v42", "E_B_v42.csproj", "{C9AA9C04-E281-4291-A6DA-BB5C26C99548}"
EndProject
Global
	GlobalSection(SolutionConfigurationPlatforms) = preSolution
		Debug|x64 = Debug|x64
		Release|x64 = Release|x64
	EndGlobalSection
	GlobalSection(ProjectConfigurationPlatforms) = postSolution
		{C9AA9C04-E281-4291-A6DA-BB5C26C99548}.Debug|x64.ActiveCfg = Debug|x64
		{C9AA9C04-E281-4291-A6DA-BB5C26C99548}.Debug|x64.Build.0 = Debug|x64
		{C9AA9C04-E281-4291-A6DA-BB5C26C99548}.Release|x64.ActiveCfg = Release|x64
		{C9AA9C04-E281-4291-A6DA-BB5C26C99548}.Release|x64.Build.0 = Release|x64
	EndGlobalSection
	GlobalSection(SolutionProperties) = preSolution
		HideSolutionNode = FALSE
	EndGlobalSection
	GlobalSection(ExtensibilityGlobals) = postSolution
		SolutionGuid = {5CC7B97A-1C61-40B0-9238-0A4E0CA9975F}
	EndGlobalSection
EndGlobal
