
Microsoft Visual Studio Solution File, Format Version 12.00
# Visual Studio Version 17
VisualStudioVersion = 17.11.35222.181
MinimumVisualStudioVersion = 10.0.40219.1
Project("{FAE04EC0-301F-11D3-BF4B-00C04F79EFBC}") = "E_B_v39", "E_B_v39.csproj", "{4D9F8401-7994-4E40-904C-BDAA18004FE4}"
EndProject
Global
	GlobalSection(SolutionConfigurationPlatforms) = preSolution
		Debug|x64 = Debug|x64
		Release|x64 = Release|x64
	EndGlobalSection
	GlobalSection(ProjectConfigurationPlatforms) = postSolution
		{4D9F8401-7994-4E40-904C-BDAA18004FE4}.Debug|x64.ActiveCfg = Debug|x64
		{4D9F8401-7994-4E40-904C-BDAA18004FE4}.Debug|x64.Build.0 = Debug|x64
		{4D9F8401-7994-4E40-904C-BDAA18004FE4}.Release|x64.ActiveCfg = Release|x64
		{4D9F8401-7994-4E40-904C-BDAA18004FE4}.Release|x64.Build.0 = Release|x64
	EndGlobalSection
	GlobalSection(SolutionProperties) = preSolution
		HideSolutionNode = FALSE
	EndGlobalSection
	GlobalSection(ExtensibilityGlobals) = postSolution
		SolutionGuid = {54BF6CF8-E31B-48E9-B8F2-8685C7465B26}
	EndGlobalSection
EndGlobal
