
Microsoft Visual Studio Solution File, Format Version 12.00
# Visual Studio Version 17
VisualStudioVersion = 17.11.35222.181
MinimumVisualStudioVersion = 10.0.40219.1
Project("{FAE04EC0-301F-11D3-BF4B-00C04F79EFBC}") = "E_B_v25", "E_B_v25.csproj", "{0B7726D3-83C5-4216-BE6C-D63B2E6CE6A6}"
EndProject
Global
	GlobalSection(SolutionConfigurationPlatforms) = preSolution
		Debug|x64 = Debug|x64
		Release|x64 = Release|x64
	EndGlobalSection
	GlobalSection(ProjectConfigurationPlatforms) = postSolution
		{0B7726D3-83C5-4216-BE6C-D63B2E6CE6A6}.Debug|x64.ActiveCfg = Debug|x64
		{0B7726D3-83C5-4216-BE6C-D63B2E6CE6A6}.Debug|x64.Build.0 = Debug|x64
		{0B7726D3-83C5-4216-BE6C-D63B2E6CE6A6}.Release|x64.ActiveCfg = Release|x64
		{0B7726D3-83C5-4216-BE6C-D63B2E6CE6A6}.Release|x64.Build.0 = Release|x64
	EndGlobalSection
	GlobalSection(SolutionProperties) = preSolution
		HideSolutionNode = FALSE
	EndGlobalSection
	GlobalSection(ExtensibilityGlobals) = postSolution
		SolutionGuid = {2D40733D-DD2A-4E36-BE04-C8A678A02445}
	EndGlobalSection
EndGlobal
